
Microsoft Visual Studio Solution File, Format Version 12.00
# Visual Studio Version 17
VisualStudioVersion = 17.6.33723.286
MinimumVisualStudioVersion = 10.0.40219.1
Project("{FAE04EC0-301F-11D3-BF4B-00C04F79EFBC}") = "StackAndQueueCollectionClass", "StackAndQueueCollectionClass\StackAndQueueCollectionClass.csproj", "{4BF305E4-C855-4036-B839-A5AF45E078A6}"
EndProject
Global
	GlobalSection(SolutionConfigurationPlatforms) = preSolution
		Debug|Any CPU = Debug|Any CPU
		Release|Any CPU = Release|Any CPU
	EndGlobalSection
	GlobalSection(ProjectConfigurationPlatforms) = postSolution
		{4BF305E4-C855-4036-B839-A5AF45E078A6}.Debug|Any CPU.ActiveCfg = Debug|Any CPU
		{4BF305E4-C855-4036-B839-A5AF45E078A6}.Debug|Any CPU.Build.0 = Debug|Any CPU
		{4BF305E4-C855-4036-B839-A5AF45E078A6}.Release|Any CPU.ActiveCfg = Release|Any CPU
		{4BF305E4-C855-4036-B839-A5AF45E078A6}.Release|Any CPU.Build.0 = Release|Any CPU
	EndGlobalSection
	GlobalSection(SolutionProperties) = preSolution
		HideSolutionNode = FALSE
	EndGlobalSection
	GlobalSection(ExtensibilityGlobals) = postSolution
		SolutionGuid = {AAF2C0D0-45AB-42FA-8FAD-0AAB6A7F29F3}
	EndGlobalSection
EndGlobal
